
Microsoft Visual Studio Solution File, Format Version 12.00
# Visual Studio Version 17
VisualStudioVersion = 17.10.35027.167
MinimumVisualStudioVersion = 10.0.40219.1
Project("{FAE04EC0-301F-11D3-BF4B-00C04F79EFBC}") = "CostCalculatorForApartment", "CostCalculatorForApartment.csproj", "{6A9963FC-E86B-4E77-9BB0-94FBFFCA222E}"
EndProject
Global
	GlobalSection(SolutionConfigurationPlatforms) = preSolution
		Debug|Any CPU = Debug|Any CPU
		Release|Any CPU = Release|Any CPU
	EndGlobalSection
	GlobalSection(ProjectConfigurationPlatforms) = postSolution
		{6A9963FC-E86B-4E77-9BB0-94FBFFCA222E}.Debug|Any CPU.ActiveCfg = Debug|Any CPU
		{6A9963FC-E86B-4E77-9BB0-94FBFFCA222E}.Debug|Any CPU.Build.0 = Debug|Any CPU
		{6A9963FC-E86B-4E77-9BB0-94FBFFCA222E}.Debug|Any CPU.Deploy.0 = Debug|Any CPU
		{6A9963FC-E86B-4E77-9BB0-94FBFFCA222E}.Release|Any CPU.ActiveCfg = Release|Any CPU
		{6A9963FC-E86B-4E77-9BB0-94FBFFCA222E}.Release|Any CPU.Build.0 = Release|Any CPU
		{6A9963FC-E86B-4E77-9BB0-94FBFFCA222E}.Release|Any CPU.Deploy.0 = Release|Any CPU
	EndGlobalSection
	GlobalSection(SolutionProperties) = preSolution
		HideSolutionNode = FALSE
	EndGlobalSection
	GlobalSection(ExtensibilityGlobals) = postSolution
		SolutionGuid = {27FD9676-F261-4BB6-AFF2-55D483C29023}
	EndGlobalSection
EndGlobal
